
Microsoft Visual Studio Solution File, Format Version 12.00
# Visual Studio Version 16
VisualStudioVersion = 16.0.32802.440
MinimumVisualStudioVersion = 10.0.40219.1
Project("{9A19103F-16F7-4668-BE54-9A1E7A4F7556}") = "Pms.Payrolls.Tests", "Pms.Payrolls.Tests\Pms.Payrolls.Tests.csproj", "{2A1EA104-5FDD-41B9-9543-A91AFD1EEBD9}"
EndProject
Project("{9A19103F-16F7-4668-BE54-9A1E7A4F7556}") = "Pms.Payrolls.Domain", "Pms.Payrolls.Domain\Pms.Payrolls.Domain.csproj", "{E0C489B2-9B15-4593-BB72-6597015E03F0}"
EndProject
Project("{9A19103F-16F7-4668-BE54-9A1E7A4F7556}") = "Pms.Payrolls.ServiceLayer.EfCore", "Pms.Payrolls.ServiceLayer.EfCore\Pms.Payrolls.ServiceLayer.EfCore.csproj", "{2A47175C-0043-4406-887F-9466642C060E}"
EndProject
Project("{9A19103F-16F7-4668-BE54-9A1E7A4F7556}") = "Pms.Payrolls.Persistence", "Pms.Payrolls.Persistence\Pms.Payrolls.Persistence.csproj", "{019B412B-C9B3-4E85-A419-DD849591BE45}"
EndProject
Project("{9A19103F-16F7-4668-BE54-9A1E7A4F7556}") = "Pms.Payrolls.ServiceLayer.Files", "Pms.Payrolls.ServiceLayer.Files\Pms.Payrolls.ServiceLayer.Files.csproj", "{0D6B524B-8B22-484A-B766-23D5B7FBE027}"
EndProject
Global
	GlobalSection(SolutionConfigurationPlatforms) = preSolution
		Debug|Any CPU = Debug|Any CPU
		Release|Any CPU = Release|Any CPU
	EndGlobalSection
	GlobalSection(ProjectConfigurationPlatforms) = postSolution
		{2A1EA104-5FDD-41B9-9543-A91AFD1EEBD9}.Debug|Any CPU.ActiveCfg = Debug|Any CPU
		{2A1EA104-5FDD-41B9-9543-A91AFD1EEBD9}.Debug|Any CPU.Build.0 = Debug|Any CPU
		{2A1EA104-5FDD-41B9-9543-A91AFD1EEBD9}.Release|Any CPU.ActiveCfg = Release|Any CPU
		{2A1EA104-5FDD-41B9-9543-A91AFD1EEBD9}.Release|Any CPU.Build.0 = Release|Any CPU
		{E0C489B2-9B15-4593-BB72-6597015E03F0}.Debug|Any CPU.ActiveCfg = Debug|Any CPU
		{E0C489B2-9B15-4593-BB72-6597015E03F0}.Debug|Any CPU.Build.0 = Debug|Any CPU
		{E0C489B2-9B15-4593-BB72-6597015E03F0}.Release|Any CPU.ActiveCfg = Release|Any CPU
		{E0C489B2-9B15-4593-BB72-6597015E03F0}.Release|Any CPU.Build.0 = Release|Any CPU
		{2A47175C-0043-4406-887F-9466642C060E}.Debug|Any CPU.ActiveCfg = Debug|Any CPU
		{2A47175C-0043-4406-887F-9466642C060E}.Debug|Any CPU.Build.0 = Debug|Any CPU
		{2A47175C-0043-4406-887F-9466642C060E}.Release|Any CPU.ActiveCfg = Release|Any CPU
		{2A47175C-0043-4406-887F-9466642C060E}.Release|Any CPU.Build.0 = Release|Any CPU
		{019B412B-C9B3-4E85-A419-DD849591BE45}.Debug|Any CPU.ActiveCfg = Debug|Any CPU
		{019B412B-C9B3-4E85-A419-DD849591BE45}.Debug|Any CPU.Build.0 = Debug|Any CPU
		{019B412B-C9B3-4E85-A419-DD849591BE45}.Release|Any CPU.ActiveCfg = Release|Any CPU
		{019B412B-C9B3-4E85-A419-DD849591BE45}.Release|Any CPU.Build.0 = Release|Any CPU
		{0D6B524B-8B22-484A-B766-23D5B7FBE027}.Debug|Any CPU.ActiveCfg = Debug|Any CPU
		{0D6B524B-8B22-484A-B766-23D5B7FBE027}.Debug|Any CPU.Build.0 = Debug|Any CPU
		{0D6B524B-8B22-484A-B766-23D5B7FBE027}.Release|Any CPU.ActiveCfg = Release|Any CPU
		{0D6B524B-8B22-484A-B766-23D5B7FBE027}.Release|Any CPU.Build.0 = Release|Any CPU
	EndGlobalSection
	GlobalSection(SolutionProperties) = preSolution
		HideSolutionNode = FALSE
	EndGlobalSection
	GlobalSection(ExtensibilityGlobals) = postSolution
		SolutionGuid = {D84C3C72-4D06-4B8E-97CF-AFEDD310F017}
	EndGlobalSection
EndGlobal
